<?xml version="1.0" encoding="UTF-8" standalone="yes" ?>
<CodeBlocks_project_file>
	<FileVersion major="1" minor="6" />
	<Project>
		<Option title="toy_language" />
		<Option pch_mode="2" />
		<Option compiler="gcc" />
		<Build>
			<Target title="Debug">
				<Option output="bin/Debug/toy_language" prefix_auto="1" extension_auto="1" />
				<Option object_output="obj/Debug/" />
				<Option type="1" />
				<Option compiler="gcc" />
				<Compiler>
					<Add option="-g" />
				</Compiler>
			</Target>
			<Target title="Release">
				<Option output="bin/Release/toy_language" prefix_auto="1" extension_auto="1" />
				<Option object_output="obj/Release/" />
				<Option type="1" />
				<Option compiler="gcc" />
				<Compiler>
					<Add option="-O2" />
				</Compiler>
				<Linker>
					<Add option="-s" />
				</Linker>
			</Target>
		</Build>
		<Compiler>
			<Add option="-Wall" />
			<Add option="-fexceptions" />
		</Compiler>
		<Unit filename="ast.cpp" />
		<Unit filename="ast.hpp">
			<Option target="&lt;{~None~}&gt;" />
		</Unit>
		<Unit filename="interpreter.cpp" />
		<Unit filename="interpreter.hpp" />
		<Unit filename="lexer.cpp" />
		<Unit filename="lexer.hpp">
			<Option target="&lt;{~None~}&gt;" />
		</Unit>
		<Unit filename="main.cpp" />
		<Unit filename="matcher_function_builder.cpp" />
		<Unit filename="matcher_function_builder.hpp">
			<Option target="&lt;{~None~}&gt;" />
		</Unit>
		<Unit filename="object.hpp">
			<Option target="&lt;{~None~}&gt;" />
		</Unit>
		<Unit filename="parser.cpp" />
		<Unit filename="parser.hpp">
			<Option target="&lt;{~None~}&gt;" />
		</Unit>
		<Unit filename="repl.cpp" />
		<Unit filename="repl.hpp">
			<Option target="&lt;{~None~}&gt;" />
		</Unit>
		<Unit filename="text_position.hpp">
			<Option target="&lt;{~None~}&gt;" />
		</Unit>
		<Unit filename="token.cpp" />
		<Unit filename="token.hpp">
			<Option target="&lt;{~None~}&gt;" />
		</Unit>
		<Extensions>
			<code_completion />
			<envvars />
			<debugger />
		</Extensions>
	</Project>
</CodeBlocks_project_file>
